
Microsoft Visual Studio Solution File, Format Version 12.00
# Visual Studio 2017
Project("{FAE04EC0-301F-11D3-BF4B-00C04F79EFBC}") = "Tower Defense AI", "Tower Defense AI.csproj", "{5692FC5B-2601-3AA8-ED96-6CC4D4381D9C}"
EndProject
Project("{FAE04EC0-301F-11D3-BF4B-00C04F79EFBC}") = "Tower Defense AI.Editor", "Tower Defense AI.Editor.csproj", "{028FFB6D-4E18-43EC-4774-23885B028AAE}"
EndProject
Global
	GlobalSection(SolutionConfigurationPlatforms) = preSolution
		Debug|Any CPU = Debug|Any CPU
		Release|Any CPU = Release|Any CPU
	EndGlobalSection
	GlobalSection(ProjectConfigurationPlatforms) = postSolution
		{5692FC5B-2601-3AA8-ED96-6CC4D4381D9C}.Debug|Any CPU.ActiveCfg = Debug|Any CPU
		{5692FC5B-2601-3AA8-ED96-6CC4D4381D9C}.Debug|Any CPU.Build.0 = Debug|Any CPU
		{5692FC5B-2601-3AA8-ED96-6CC4D4381D9C}.Release|Any CPU.ActiveCfg = Release|Any CPU
		{5692FC5B-2601-3AA8-ED96-6CC4D4381D9C}.Release|Any CPU.Build.0 = Release|Any CPU
		{028FFB6D-4E18-43EC-4774-23885B028AAE}.Debug|Any CPU.ActiveCfg = Debug|Any CPU
		{028FFB6D-4E18-43EC-4774-23885B028AAE}.Debug|Any CPU.Build.0 = Debug|Any CPU
		{028FFB6D-4E18-43EC-4774-23885B028AAE}.Release|Any CPU.ActiveCfg = Release|Any CPU
		{028FFB6D-4E18-43EC-4774-23885B028AAE}.Release|Any CPU.Build.0 = Release|Any CPU
	EndGlobalSection
	GlobalSection(SolutionProperties) = preSolution
		HideSolutionNode = FALSE
	EndGlobalSection
EndGlobal
